{"1.1.0",
[{<<"base64url">>,{pkg,<<"base64url">>,<<"0.0.1">>},1},
 {<<"certifi">>,{pkg,<<"certifi">>,<<"2.3.1">>},0},
 {<<"erljwt">>,{pkg,<<"erljwt">>,<<"2.0.2">>},0},
 {<<"jsone">>,{pkg,<<"jsone">>,<<"1.4.0">>},1},
 {<<"parse_trans">>,{pkg,<<"parse_trans">>,<<"3.2.0">>},1}]}.
[
{pkg_hash,[
 {<<"base64url">>, <<"36A90125F5948E3AFD7BE97662A1504B934DD5DAC78451CA6E9ABF85A10286BE">>},
 {<<"certifi">>, <<"D0F424232390BF47D82DA8478022301C561CF6445B5B5FB6A84D49A9E76D2639">>},
 {<<"erljwt">>, <<"3D17F4BFE965F712A58F3D6AD424FD100D028987FDED6834A64E94091F44D3C9">>},
 {<<"jsone">>, <<"6ECFD2C91E16F48E1535743B57D01A42C65D7DD51A8B43E5723B1F79927169A8">>},
 {<<"parse_trans">>, <<"2ADFA4DAF80C14DC36F522CF190EB5C4EE3E28008FC6394397C16F62A26258C2">>}]}
].
